# This file is automatically @generated by Cargo.
# It is not intended for manual editing.
version = 4

[[package]]
name = "ahash"
version = "0.8.12"
source = "registry+https://github.com/rust-lang/crates.io-index"
checksum = "5a15f179cd60c4584b8a8c596927aadc462e27f2ca70c04e0071964a73ba7a75"
dependencies = [
 "cfg-if",
 "const-random",
 "getrandom 0.3.4",
 "once_cell",
 "version_check",
 "zerocopy",
]

[[package]]
name = "aho-corasick"
version = "1.1.4"
source = "registry+https://github.com/rust-lang/crates.io-index"
checksum = "ddd31a130427c27518df266943a5308ed92d4b226cc639f5a8f1002816174301"
dependencies = [
 "memchr",
]

[[package]]
name = "alloc-no-stdlib"
version = "2.0.4"
source = "registry+https://github.com/rust-lang/crates.io-index"
checksum = "cc7bb162ec39d46ab1ca8c77bf72e890535becd1751bb45f64c597edb4c8c6b3"

[[package]]
name = "alloc-stdlib"
version = "0.2.2"
source = "registry+https://github.com/rust-lang/crates.io-index"
checksum = "94fb8275041c72129eb51b7d0322c29b8387a0386127718b096429201a5d6ece"
dependencies = [
 "alloc-no-stdlib",
]

[[package]]
name = "autocfg"
version = "1.5.0"
source = "registry+https://github.com/rust-lang/crates.io-index"
checksum = "c08606f8c3cbf4ce6ec8e28fb0014a2c086708fe954eaa885384a6165172e7e8"

[[package]]
name = "bitflags"
version = "2.11.0"
source = "registry+https://github.com/rust-lang/crates.io-index"
checksum = "843867be96c8daad0d758b57df9392b6d8d271134fce549de6ce169ff98a92af"

[[package]]
name = "brotli"
version = "8.0.2"
source = "registry+https://github.com/rust-lang/crates.io-index"
checksum = "4bd8b9603c7aa97359dbd97ecf258968c95f3adddd6db2f7e7a5bef101c84560"
dependencies = [
 "alloc-no-stdlib",
 "alloc-stdlib",
 "brotli-decompressor",
]

[[package]]
name = "brotli-decompressor"
version = "5.0.0"
source = "registry+https://github.com/rust-lang/crates.io-index"
checksum = "874bb8112abecc98cbd6d81ea4fa7e94fb9449648c93cc89aa40c81c24d7de03"
dependencies = [
 "alloc-no-stdlib",
 "alloc-stdlib",
]

[[package]]
name = "bumpalo"
version = "3.20.2"
source = "registry+https://github.com/rust-lang/crates.io-index"
checksum = "5d20789868f4b01b2f2caec9f5c4e0213b41e3e5702a50157d699ae31ced2fcb"

[[package]]
name = "castaway"
version = "0.2.4"
source = "registry+https://github.com/rust-lang/crates.io-index"
checksum = "dec551ab6e7578819132c713a93c022a05d60159dc86e7a7050223577484c55a"
dependencies = [
 "rustversion",
]

[[package]]
name = "cfg-if"
version = "1.0.4"
source = "registry+https://github.com/rust-lang/crates.io-index"
checksum = "9330f8b2ff13f34540b44e946ef35111825727b38d33286ef986142615121801"

[[package]]
name = "compact_str"
version = "0.9.0"
source = "registry+https://github.com/rust-lang/crates.io-index"
checksum = "3fdb1325a1cece981e8a296ab8f0f9b63ae357bd0784a9faaf548cc7b480707a"
dependencies = [
 "castaway",
 "cfg-if",
 "itoa",
 "rustversion",
 "ryu",
 "static_assertions",
]

[[package]]
name = "const-random"
version = "0.1.18"
source = "registry+https://github.com/rust-lang/crates.io-index"
checksum = "87e00182fe74b066627d63b85fd550ac2998d4b0bd86bfed477a0ae4c7c71359"
dependencies = [
 "const-random-macro",
]

[[package]]
name = "const-random-macro"
version = "0.1.16"
source = "registry+https://github.com/rust-lang/crates.io-index"
checksum = "f9d839f2a20b0aee515dc581a6172f2321f96cab76c1a38a4c584a194955390e"
dependencies = [
 "getrandom 0.2.17",
 "once_cell",
 "tiny-keccak",
]

[[package]]
name = "crossbeam-deque"
version = "0.8.6"
source = "registry+https://github.com/rust-lang/crates.io-index"
checksum = "9dd111b7b7f7d55b72c0a6ae361660ee5853c9af73f70c3c2ef6858b950e2e51"
dependencies = [
 "crossbeam-epoch",
 "crossbeam-utils",
]

[[package]]
name = "crossbeam-epoch"
version = "0.9.18"
source = "registry+https://github.com/rust-lang/crates.io-index"
checksum = "5b82ac4a3c2ca9c3460964f020e1402edd5753411d7737aa39c3714ad1b5420e"
dependencies = [
 "crossbeam-utils",
]

[[package]]
name = "crossbeam-utils"
version = "0.8.21"
source = "registry+https://github.com/rust-lang/crates.io-index"
checksum = "d0a5c400df2834b80a4c3327b3aad3a4c4cd4de0629063962b03235697506a28"

[[package]]
name = "crunchy"
version = "0.2.4"
source = "registry+https://github.com/rust-lang/crates.io-index"
checksum = "460fbee9c2c2f33933d720630a6a0bac33ba7053db5344fac858d4b8952d77d5"

[[package]]
name = "dashmap"
version = "6.1.0"
source = "registry+https://github.com/rust-lang/crates.io-index"
checksum = "5041cc499144891f3790297212f32a74fb938e5136a14943f338ef9e0ae276cf"
dependencies = [
 "cfg-if",
 "crossbeam-utils",
 "hashbrown",
 "lock_api",
 "once_cell",
 "parking_lot_core",
]

[[package]]
name = "either"
version = "1.15.0"
source = "registry+https://github.com/rust-lang/crates.io-index"
checksum = "48c757948c5ede0e46177b7add2e67155f70e33c07fea8284df6576da70b3719"

[[package]]
name = "fraction"
version = "0.15.3"
source = "registry+https://github.com/rust-lang/crates.io-index"
checksum = "0f158e3ff0a1b334408dc9fb811cd99b446986f4d8b741bb08f9df1604085ae7"
dependencies = [
 "lazy_static",
 "num",
]

[[package]]
name = "getrandom"
version = "0.2.17"
source = "registry+https://github.com/rust-lang/crates.io-index"
checksum = "ff2abc00be7fca6ebc474524697ae276ad847ad0a6b3faa4bcb027e9a4614ad0"
dependencies = [
 "cfg-if",
 "libc",
 "wasi",
]

[[package]]
name = "getrandom"
version = "0.3.4"
source = "registry+https://github.com/rust-lang/crates.io-index"
checksum = "899def5c37c4fd7b2664648c28120ecec138e4d395b459e5ca34f9cce2dd77fd"
dependencies = [
 "cfg-if",
 "libc",
 "r-efi",
 "wasip2",
]

[[package]]
name = "hashbrown"
version = "0.14.5"
source = "registry+https://github.com/rust-lang/crates.io-index"
checksum = "e5274423e17b7c9fc20b6e7e208532f9b19825d82dfd615708b70edd83df41f1"

[[package]]
name = "heck"
version = "0.5.0"
source = "registry+https://github.com/rust-lang/crates.io-index"
checksum = "2304e00983f87ffb38b55b444b5e3b60a884b5d30c0fca7d82fe33449bbe55ea"

[[package]]
name = "include_dir"
version = "0.7.4"
source = "registry+https://github.com/rust-lang/crates.io-index"
checksum = "923d117408f1e49d914f1a379a309cffe4f18c05cf4e3d12e613a15fc81bd0dd"
dependencies = [
 "include_dir_macros",
]

[[package]]
name = "include_dir_macros"
version = "0.7.4"
source = "registry+https://github.com/rust-lang/crates.io-index"
checksum = "7cab85a7ed0bd5f0e76d93846e0147172bed2e2d3f859bcc33a8d9699cad1a75"
dependencies = [
 "proc-macro2",
 "quote",
]

[[package]]
name = "itertools"
version = "0.14.0"
source = "registry+https://github.com/rust-lang/crates.io-index"
checksum = "2b192c782037fadd9cfa75548310488aabdbf3d2da73885b31bd0abd03351285"
dependencies = [
 "either",
]

[[package]]
name = "itoa"
version = "1.0.17"
source = "registry+https://github.com/rust-lang/crates.io-index"
checksum = "92ecc6618181def0457392ccd0ee51198e065e016d1d527a7ac1b6dc7c1f09d2"

[[package]]
name = "js-sys"
version = "0.3.88"
source = "registry+https://github.com/rust-lang/crates.io-index"
checksum = "c7e709f3e3d22866f9c25b3aff01af289b18422cc8b4262fb19103ee80fe513d"
dependencies = [
 "once_cell",
 "wasm-bindgen",
]

[[package]]
name = "language"
version = "0.1.0"
dependencies = [
 "lingua",
 "pyo3",
]

[[package]]
name = "lazy_static"
version = "1.5.0"
source = "registry+https://github.com/rust-lang/crates.io-index"
checksum = "bbd2bcb4c963f2ddae06a2efc7e9f3591312473c50c6685e1f298068316e66fe"

[[package]]
name = "libc"
version = "0.2.182"
source = "registry+https://github.com/rust-lang/crates.io-index"
checksum = "6800badb6cb2082ffd7b6a67e6125bb39f18782f793520caee8cb8846be06112"

[[package]]
name = "lingua"
version = "1.7.2"
source = "registry+https://github.com/rust-lang/crates.io-index"
checksum = "6e501c98d473068ce13ddfa5ca86846a6b60e24e3020ba9d2f49af654e9219ec"
dependencies = [
 "ahash",
 "brotli",
 "compact_str",
 "dashmap",
 "fraction",
 "include_dir",
 "itertools",
 "lingua-afrikaans-language-model",
 "lingua-albanian-language-model",
 "lingua-arabic-language-model",
 "lingua-armenian-language-model",
 "lingua-azerbaijani-language-model",
 "lingua-basque-language-model",
 "lingua-belarusian-language-model",
 "lingua-bengali-language-model",
 "lingua-bokmal-language-model",
 "lingua-bosnian-language-model",
 "lingua-bulgarian-language-model",
 "lingua-catalan-language-model",
 "lingua-chinese-language-model",
 "lingua-croatian-language-model",
 "lingua-czech-language-model",
 "lingua-danish-language-model",
 "lingua-dutch-language-model",
 "lingua-english-language-model",
 "lingua-esperanto-language-model",
 "lingua-estonian-language-model",
 "lingua-finnish-language-model",
 "lingua-french-language-model",
 "lingua-ganda-language-model",
 "lingua-georgian-language-model",
 "lingua-german-language-model",
 "lingua-greek-language-model",
 "lingua-gujarati-language-model",
 "lingua-hebrew-language-model",
 "lingua-hindi-language-model",
 "lingua-hungarian-language-model",
 "lingua-icelandic-language-model",
 "lingua-indonesian-language-model",
 "lingua-irish-language-model",
 "lingua-italian-language-model",
 "lingua-japanese-language-model",
 "lingua-kazakh-language-model",
 "lingua-korean-language-model",
 "lingua-latvian-language-model",
 "lingua-lithuanian-language-model",
 "lingua-macedonian-language-model",
 "lingua-malay-language-model",
 "lingua-maori-language-model",
 "lingua-marathi-language-model",
 "lingua-mongolian-language-model",
 "lingua-nynorsk-language-model",
 "lingua-persian-language-model",
 "lingua-polish-language-model",
 "lingua-portuguese-language-model",
 "lingua-punjabi-language-model",
 "lingua-romanian-language-model",
 "lingua-russian-language-model",
 "lingua-serbian-language-model",
 "lingua-shona-language-model",
 "lingua-slovak-language-model",
 "lingua-slovene-language-model",
 "lingua-somali-language-model",
 "lingua-sotho-language-model",
 "lingua-spanish-language-model",
 "lingua-swahili-language-model",
 "lingua-swedish-language-model",
 "lingua-tagalog-language-model",
 "lingua-tamil-language-model",
 "lingua-telugu-language-model",
 "lingua-thai-language-model",
 "lingua-tsonga-language-model",
 "lingua-tswana-language-model",
 "lingua-turkish-language-model",
 "lingua-ukrainian-language-model",
 "lingua-urdu-language-model",
 "lingua-vietnamese-language-model",
 "lingua-welsh-language-model",
 "lingua-xhosa-language-model",
 "lingua-yoruba-language-model",
 "lingua-zulu-language-model",
 "maplit",
 "rayon",
 "regex",
 "serde",
 "serde-wasm-bindgen",
 "serde_json",
 "strum",
 "strum_macros",
 "wasm-bindgen",
]

[[package]]
name = "lingua-afrikaans-language-model"
version = "1.2.0"
source = "registry+https://github.com/rust-lang/crates.io-index"
checksum = "1287f2382e4505a9884982a208129fa0f19d331c819667ac0396e3435ffca176"
dependencies = [
 "include_dir",
]

[[package]]
name = "lingua-albanian-language-model"
version = "1.2.0"
source = "registry+https://github.com/rust-lang/crates.io-index"
checksum = "2843d913f39870c0226ada84959d1f796b12f10db0e4b9cdcc9588df8dcc4fe3"
dependencies = [
 "include_dir",
]

[[package]]
name = "lingua-arabic-language-model"
version = "1.2.0"
source = "registry+https://github.com/rust-lang/crates.io-index"
checksum = "a54f30346c57deb114fc9083047a441fc9a0fca5dd4b11db82a96ac04d4c3c53"
dependencies = [
 "include_dir",
]

[[package]]
name = "lingua-armenian-language-model"
version = "1.2.0"
source = "registry+https://github.com/rust-lang/crates.io-index"
checksum = "1582c3543a18d82ddd747e77ecca9ca0c6c344bbb85aa9aeafe4afaf4c674396"
dependencies = [
 "include_dir",
]

[[package]]
name = "lingua-azerbaijani-language-model"
version = "1.2.0"
source = "registry+https://github.com/rust-lang/crates.io-index"
checksum = "d955c944289ef7919710c181575c93401732e08a1d2c901d2e0171748ddb9c39"
dependencies = [
 "include_dir",
]

[[package]]
name = "lingua-basque-language-model"
version = "1.2.0"
source = "registry+https://github.com/rust-lang/crates.io-index"
checksum = "8c04f4beb9512e0b1bb9d44bd51cc012ca075a88a8773dc971a22900e9b43db4"
dependencies = [
 "include_dir",
]

[[package]]
name = "lingua-belarusian-language-model"
version = "1.2.0"
source = "registry+https://github.com/rust-lang/crates.io-index"
checksum = "2b6a22cafc7351c8f4ebb48dd4f513f0bb4d1b9bd4a5d38f4955bfa35e378f0b"
dependencies = [
 "include_dir",
]

[[package]]
name = "lingua-bengali-language-model"
version = "1.2.0"
source = "registry+https://github.com/rust-lang/crates.io-index"
checksum = "ad51861506bf06428b95c90662803700f365331959b3007bde47aaaacfbcd5ac"
dependencies = [
 "include_dir",
]

[[package]]
name = "lingua-bokmal-language-model"
version = "1.2.0"
source = "registry+https://github.com/rust-lang/crates.io-index"
checksum = "d10116c60af75f59d61058f7402fe866af56c18c1c69b363fb9c4ee28f7f555c"
dependencies = [
 "include_dir",
]

[[package]]
name = "lingua-bosnian-language-model"
version = "1.2.0"
source = "registry+https://github.com/rust-lang/crates.io-index"
checksum = "b0ba20e4fc22116b6e3873d1d15fbc5c6371de12b5f5a4fa4f583f37328521d7"
dependencies = [
 "include_dir",
]

[[package]]
name = "lingua-bulgarian-language-model"
version = "1.2.0"
source = "registry+https://github.com/rust-lang/crates.io-index"
checksum = "dbf7243e09160b87a4b4543747e7ea4549cbf022538a493af93e8633da9ad97c"
dependencies = [
 "include_dir",
]

[[package]]
name = "lingua-catalan-language-model"
version = "1.2.0"
source = "registry+https://github.com/rust-lang/crates.io-index"
checksum = "71aa462a7c191e75c3949f8a7beca9031d188e8ea28f2eb76c99b2d526927d21"
dependencies = [
 "include_dir",
]

[[package]]
name = "lingua-chinese-language-model"
version = "1.2.0"
source = "registry+https://github.com/rust-lang/crates.io-index"
checksum = "d31600b0cbae8a5c0622038d90e7d3830193d78feb2741f8678267d9f76e90f0"
dependencies = [
 "include_dir",
]

[[package]]
name = "lingua-croatian-language-model"
version = "1.2.0"
source = "registry+https://github.com/rust-lang/crates.io-index"
checksum = "e7438e2753dc02a1dd0c355afd1399ce26fbc13205454d81ed611e249987f134"
dependencies = [
 "include_dir",
]

[[package]]
name = "lingua-czech-language-model"
version = "1.2.0"
source = "registry+https://github.com/rust-lang/crates.io-index"
checksum = "3e1b3749cb0a0e40f7a732d1ae9b8cb4bf35444e92a2dd7db9164971e4157c9c"
dependencies = [
 "include_dir",
]

[[package]]
name = "lingua-danish-language-model"
version = "1.2.0"
source = "registry+https://github.com/rust-lang/crates.io-index"
checksum = "a9f83ef0885a702e6ddf776473f0eea13e3b7c20bac94ec4245cfabec555143e"
dependencies = [
 "include_dir",
]

[[package]]
name = "lingua-dutch-language-model"
version = "1.2.0"
source = "registry+https://github.com/rust-lang/crates.io-index"
checksum = "5f390bbffcb405f9a36fbb014cfd1953f2a5edc0b4313ca2005aba51e6ed6741"
dependencies = [
 "include_dir",
]

[[package]]
name = "lingua-english-language-model"
version = "1.2.0"
source = "registry+https://github.com/rust-lang/crates.io-index"
checksum = "8a4b2666c2dc3669b9cc2235f318184f3cc3426bf7075336bcf8f9ddba6f81c0"
dependencies = [
 "include_dir",
]

[[package]]
name = "lingua-esperanto-language-model"
version = "1.2.0"
source = "registry+https://github.com/rust-lang/crates.io-index"
checksum = "f169804327d4ae648c9045e139e19f2c1a8426cd2afcad6db9223d6de3cd3855"
dependencies = [
 "include_dir",
]

[[package]]
name = "lingua-estonian-language-model"
version = "1.2.0"
source = "registry+https://github.com/rust-lang/crates.io-index"
checksum = "b675de6a28fc39d7af5b19240ad2c34dc5646b1d1ef812cb93c6b2c589cd13d6"
dependencies = [
 "include_dir",
]

[[package]]
name = "lingua-finnish-language-model"
version = "1.2.0"
source = "registry+https://github.com/rust-lang/crates.io-index"
checksum = "9bc6109e57ed65b665ee7f911ed451cd6587304a0bfda9359c8794c33dffc425"
dependencies = [
 "include_dir",
]

[[package]]
name = "lingua-french-language-model"
version = "1.2.0"
source = "registry+https://github.com/rust-lang/crates.io-index"
checksum = "e7fd27da82335b66738d137ee64221f479973467b9178d49d802acbe847de355"
dependencies = [
 "include_dir",
]

[[package]]
name = "lingua-ganda-language-model"
version = "1.2.0"
source = "registry+https://github.com/rust-lang/crates.io-index"
checksum = "cd847988a427b3f6b9bd39bcc271643edf190c1608eff2a3c4208f717c66752a"
dependencies = [
 "include_dir",
]

[[package]]
name = "lingua-georgian-language-model"
version = "1.2.0"
source = "registry+https://github.com/rust-lang/crates.io-index"
checksum = "b4c91bb5d3f24e8760a1411d0c5868b8e614ecb7b480328c7dcea4fc1b4b7201"
dependencies = [
 "include_dir",
]

[[package]]
name = "lingua-german-language-model"
version = "1.2.0"
source = "registry+https://github.com/rust-lang/crates.io-index"
checksum = "bfa568bbca8beb3b0cfc691cf2e87d1d24cb457c8e19ed168dd22d739c24a15e"
dependencies = [
 "include_dir",
]

[[package]]
name = "lingua-greek-language-model"
version = "1.2.0"
source = "registry+https://github.com/rust-lang/crates.io-index"
checksum = "b473b60c61e0aee31bdd2cf35642942dde8dcfd7b1ea4c7534df98994c3b429f"
dependencies = [
 "include_dir",
]

[[package]]
name = "lingua-gujarati-language-model"
version = "1.2.0"
source = "registry+https://github.com/rust-lang/crates.io-index"
checksum = "dfc48e1164860f35cac2ff6f3369d7c2e36feef54bd5eb6cafd32ba5fc7ad63d"
dependencies = [
 "include_dir",
]

[[package]]
name = "lingua-hebrew-language-model"
version = "1.2.0"
source = "registry+https://github.com/rust-lang/crates.io-index"
checksum = "d4c36ff9bfba287adc3a05cd6ca2a512412155d0fbfd1f4eaddcf800f42fe3d9"
dependencies = [
 "include_dir",
]

[[package]]
name = "lingua-hindi-language-model"
version = "1.2.0"
source = "registry+https://github.com/rust-lang/crates.io-index"
checksum = "7b0930f8845e398914d0f4b25342774b199f6486971c79fd225fd0f3f747b8d2"
dependencies = [
 "include_dir",
]

[[package]]
name = "lingua-hungarian-language-model"
version = "1.2.0"
source = "registry+https://github.com/rust-lang/crates.io-index"
checksum = "286a84ab04128d25fadb162d852a327d32174ab16b7ab4725e4047820b92a781"
dependencies = [
 "include_dir",
]

[[package]]
name = "lingua-icelandic-language-model"
version = "1.2.0"
source = "registry+https://github.com/rust-lang/crates.io-index"
checksum = "499bfe35307f587a18c3c8492debb84c3b8cab733035b6852cdf0bf508b6d99f"
dependencies = [
 "include_dir",
]

[[package]]
name = "lingua-indonesian-language-model"
version = "1.2.0"
source = "registry+https://github.com/rust-lang/crates.io-index"
checksum = "1eb4112ce3f4c5d24d739c047e6d815a4ed283ccf71a47669f6f2132e36b5c7a"
dependencies = [
 "include_dir",
]

[[package]]
name = "lingua-irish-language-model"
version = "1.2.0"
source = "registry+https://github.com/rust-lang/crates.io-index"
checksum = "29a90343c0e74060362793a19a7139f58533f9be61156805fab635ad5cfc5378"
dependencies = [
 "include_dir",
]

[[package]]
name = "lingua-italian-language-model"
version = "1.2.0"
source = "registry+https://github.com/rust-lang/crates.io-index"
checksum = "5ab586cc7454f4df2a224ce245f81e199dba57d47259fc628b29d5c066697059"
dependencies = [
 "include_dir",
]

[[package]]
name = "lingua-japanese-language-model"
version = "1.2.0"
source = "registry+https://github.com/rust-lang/crates.io-index"
checksum = "5756b671f8a2f0ba8ae81852ab44d38485e60c590cacdff23400c47a48d04244"
dependencies = [
 "include_dir",
]

[[package]]
name = "lingua-kazakh-language-model"
version = "1.2.0"
source = "registry+https://github.com/rust-lang/crates.io-index"
checksum = "ccbe5bbdb753152eb3c3cb6d37df58c81c12e57122898286fc1b17ad5667f419"
dependencies = [
 "include_dir",
]

[[package]]
name = "lingua-korean-language-model"
version = "1.2.0"
source = "registry+https://github.com/rust-lang/crates.io-index"
checksum = "b30b14af9b0f1335e6117d63b6a71afac660f4c83e81a8fd593a963222cc1b9c"
dependencies = [
 "include_dir",
]

[[package]]
name = "lingua-latvian-language-model"
version = "1.2.0"
source = "registry+https://github.com/rust-lang/crates.io-index"
checksum = "ef790c9c49220157d09f007b9c4ae0adb7b3ffe33e3aa6c0bcdc81cd995b919a"
dependencies = [
 "include_dir",
]

[[package]]
name = "lingua-lithuanian-language-model"
version = "1.2.0"
source = "registry+https://github.com/rust-lang/crates.io-index"
checksum = "d546fe945b7bc4c5879fb7e59c589396277e3f007972391e55730940ffe4ef03"
dependencies = [
 "include_dir",
]

[[package]]
name = "lingua-macedonian-language-model"
version = "1.2.0"
source = "registry+https://github.com/rust-lang/crates.io-index"
checksum = "e6368874d9d400cc3efc5d74de6c66fa5ebbf89589523e1995420ba2fd677359"
dependencies = [
 "include_dir",
]

[[package]]
name = "lingua-malay-language-model"
version = "1.2.0"
source = "registry+https://github.com/rust-lang/crates.io-index"
checksum = "c003d235500af772243973dfcd26cc077e850308b6da873cac365b1c91fce3af"
dependencies = [
 "include_dir",
]

[[package]]
name = "lingua-maori-language-model"
version = "1.2.0"
source = "registry+https://github.com/rust-lang/crates.io-index"
checksum = "6f0aa75bfac8296dc681b3d9abbeb62b3bee925893d48070ac3ec87858e539f6"
dependencies = [
 "include_dir",
]

[[package]]
name = "lingua-marathi-language-model"
version = "1.2.0"
source = "registry+https://github.com/rust-lang/crates.io-index"
checksum = "89511520fae381b87e25153ac5b08146d8fe91b11650433cd6fba60cff342bdb"
dependencies = [
 "include_dir",
]

[[package]]
name = "lingua-mongolian-language-model"
version = "1.2.0"
source = "registry+https://github.com/rust-lang/crates.io-index"
checksum = "4983ac733c95c8e12917f3db984c6f02b41587acac22ca9b4f37cf6cc32a8a52"
dependencies = [
 "include_dir",
]

[[package]]
name = "lingua-nynorsk-language-model"
version = "1.2.0"
source = "registry+https://github.com/rust-lang/crates.io-index"
checksum = "c7ee1fa246487b683138da7684035489ab5fafb2751d0715b33c38f6a6eadb5f"
dependencies = [
 "include_dir",
]

[[package]]
name = "lingua-persian-language-model"
version = "1.2.0"
source = "registry+https://github.com/rust-lang/crates.io-index"
checksum = "29a97bc46fe85d9f06d50668615eb903b1e7ed77dad228dac98228d417c6e84d"
dependencies = [
 "include_dir",
]

[[package]]
name = "lingua-polish-language-model"
version = "1.2.0"
source = "registry+https://github.com/rust-lang/crates.io-index"
checksum = "1534fd0f8c717bffd9ec80e9b27b8627fa069b46e9474b0e29780eb5fdddb53f"
dependencies = [
 "include_dir",
]

[[package]]
name = "lingua-portuguese-language-model"
version = "1.2.0"
source = "registry+https://github.com/rust-lang/crates.io-index"
checksum = "3659ec08115bbec9151bc23e62a4c3ee768c138e791854c8fe71cfcde0e5de84"
dependencies = [
 "include_dir",
]

[[package]]
name = "lingua-punjabi-language-model"
version = "1.2.0"
source = "registry+https://github.com/rust-lang/crates.io-index"
checksum = "e165678767e73db517e9aeb43817517b28f5b31d13f20853847bc8f05a1ae3bd"
dependencies = [
 "include_dir",
]

[[package]]
name = "lingua-romanian-language-model"
version = "1.2.0"
source = "registry+https://github.com/rust-lang/crates.io-index"
checksum = "836d7f9116c098e863c05dbb4739df77c516485b5e3f2e9457d376ba83834183"
dependencies = [
 "include_dir",
]

[[package]]
name = "lingua-russian-language-model"
version = "1.2.0"
source = "registry+https://github.com/rust-lang/crates.io-index"
checksum = "9058ef9a1b6d09727f63c8831c38d81c09456a2b433e4d02aa296ef83c19b631"
dependencies = [
 "include_dir",
]

[[package]]
name = "lingua-serbian-language-model"
version = "1.2.0"
source = "registry+https://github.com/rust-lang/crates.io-index"
checksum = "e4a106952e53e9162c8a96bd9eea9b1874df5ace221bac1ab7868528b4b37e78"
dependencies = [
 "include_dir",
]

[[package]]
name = "lingua-shona-language-model"
version = "1.2.0"
source = "registry+https://github.com/rust-lang/crates.io-index"
checksum = "924047ff3712b3ed640e0e950faf6e5682ee57592a141da6ae5a149b44451c38"
dependencies = [
 "include_dir",
]

[[package]]
name = "lingua-slovak-language-model"
version = "1.2.0"
source = "registry+https://github.com/rust-lang/crates.io-index"
checksum = "44afb5363903e2c6b10b8dc14f9b3c4abc1e125ecb4763ab189382a951e8f1f2"
dependencies = [
 "include_dir",
]

[[package]]
name = "lingua-slovene-language-model"
version = "1.2.0"
source = "registry+https://github.com/rust-lang/crates.io-index"
checksum = "bd43bd4567a3bffa3d20b3e2c62e3a3d17988c34948df88353d59eebcdcb5a3d"
dependencies = [
 "include_dir",
]

[[package]]
name = "lingua-somali-language-model"
version = "1.2.0"
source = "registry+https://github.com/rust-lang/crates.io-index"
checksum = "7a912003628ee6b007b6aca330aefa1cf67369f7d9e2c925e38e66e058abe070"
dependencies = [
 "include_dir",
]

[[package]]
name = "lingua-sotho-language-model"
version = "1.2.0"
source = "registry+https://github.com/rust-lang/crates.io-index"
checksum = "c6fd83a7172be44cd2fc7a630b96b3d9ba1a07cbe295937e19b94dcba2144502"
dependencies = [
 "include_dir",
]

[[package]]
name = "lingua-spanish-language-model"
version = "1.2.0"
source = "registry+https://github.com/rust-lang/crates.io-index"
checksum = "05df7766652773b2292e7ad12221c0090954baed18ca2ff631a5f134ce08d91d"
dependencies = [
 "include_dir",
]

[[package]]
name = "lingua-swahili-language-model"
version = "1.2.0"
source = "registry+https://github.com/rust-lang/crates.io-index"
checksum = "bc6a2e6ec74d0de7409e81a4ecac90fc061c87f397e9358c1fc7b06fb71375b1"
dependencies = [
 "include_dir",
]

[[package]]
name = "lingua-swedish-language-model"
version = "1.2.0"
source = "registry+https://github.com/rust-lang/crates.io-index"
checksum = "fc0abcbfc81c994fa2e433571febecbf7a3011c1f46164d7ca5013691656c9b3"
dependencies = [
 "include_dir",
]

[[package]]
name = "lingua-tagalog-language-model"
version = "1.2.0"
source = "registry+https://github.com/rust-lang/crates.io-index"
checksum = "0275f0d641f8193aba7dabe8ced95a7b12e14a9652bb9b3067b95861472be791"
dependencies = [
 "include_dir",
]

[[package]]
name = "lingua-tamil-language-model"
version = "1.2.0"
source = "registry+https://github.com/rust-lang/crates.io-index"
checksum = "e8badccb67d6eec015563538ffcfa6d2a6ff151bcb787ce0d24097c26d410e07"
dependencies = [
 "include_dir",
]

[[package]]
name = "lingua-telugu-language-model"
version = "1.2.0"
source = "registry+https://github.com/rust-lang/crates.io-index"
checksum = "828376db1408126c403656447eaceaede6f39c20d81f78a3c32e6cb9d78ceb20"
dependencies = [
 "include_dir",
]

[[package]]
name = "lingua-thai-language-model"
version = "1.2.0"
source = "registry+https://github.com/rust-lang/crates.io-index"
checksum = "22f72427dd733f84054777b8c229d489766a880b5e5207c0bc57f8983423256b"
dependencies = [
 "include_dir",
]

[[package]]
name = "lingua-tsonga-language-model"
version = "1.2.0"
source = "registry+https://github.com/rust-lang/crates.io-index"
checksum = "ac4de2ed21a6e3a82a66a712fbaddfb150846eefa6cde4f8b33d732e6debe89d"
dependencies = [
 "include_dir",
]

[[package]]
name = "lingua-tswana-language-model"
version = "1.2.0"
source = "registry+https://github.com/rust-lang/crates.io-index"
checksum = "1164e518ba79371e8d10801bdc48ba704f9260cbc45a45d0bf8710d860382369"
dependencies = [
 "include_dir",
]

[[package]]
name = "lingua-turkish-language-model"
version = "1.2.0"
source = "registry+https://github.com/rust-lang/crates.io-index"
checksum = "10e15e6c8aa9c7b807933aa257468309c9ae41b84898fd087356dea4aa0ec036"
dependencies = [
 "include_dir",
]

[[package]]
name = "lingua-ukrainian-language-model"
version = "1.2.0"
source = "registry+https://github.com/rust-lang/crates.io-index"
checksum = "4f3509a5a27c043e76c31a9c8a5a16deb3dc6e1fd26de029cb83b20d16ca1fe2"
dependencies = [
 "include_dir",
]

[[package]]
name = "lingua-urdu-language-model"
version = "1.2.0"
source = "registry+https://github.com/rust-lang/crates.io-index"
checksum = "13b529ccb188dddd222c613b71e86d9401cb5e5a46dbd62a867906da093fec64"
dependencies = [
 "include_dir",
]

[[package]]
name = "lingua-vietnamese-language-model"
version = "1.2.0"
source = "registry+https://github.com/rust-lang/crates.io-index"
checksum = "489ba31146a87c04a783bcca606b961320a9cace365378bd329933a8b3ae2f50"
dependencies = [
 "include_dir",
]

[[package]]
name = "lingua-welsh-language-model"
version = "1.2.0"
source = "registry+https://github.com/rust-lang/crates.io-index"
checksum = "f285d84e053c405a97a00e59a1e7aa82ac967a091d2de0f484322dd539c81080"
dependencies = [
 "include_dir",
]

[[package]]
name = "lingua-xhosa-language-model"
version = "1.2.0"
source = "registry+https://github.com/rust-lang/crates.io-index"
checksum = "a3080b71235d1834423ef0e4c772e24f99699d427718efab67160792d7bd5984"
dependencies = [
 "include_dir",
]

[[package]]
name = "lingua-yoruba-language-model"
version = "1.2.0"
source = "registry+https://github.com/rust-lang/crates.io-index"
checksum = "78b8033c5058586fd180b1f42b2ece059c5cefb620703ecc92f379ac0a142194"
dependencies = [
 "include_dir",
]

[[package]]
name = "lingua-zulu-language-model"
version = "1.2.0"
source = "registry+https://github.com/rust-lang/crates.io-index"
checksum = "ad9dfb5039e1f9268f2310277493a5dc44e9448e55e0f26938c8d1d8cd92f98c"
dependencies = [
 "include_dir",
]

[[package]]
name = "lock_api"
version = "0.4.14"
source = "registry+https://github.com/rust-lang/crates.io-index"
checksum = "224399e74b87b5f3557511d98dff8b14089b3dadafcab6bb93eab67d3aace965"
dependencies = [
 "scopeguard",
]

[[package]]
name = "maplit"
version = "1.0.2"
source = "registry+https://github.com/rust-lang/crates.io-index"
checksum = "3e2e65a1a2e43cfcb47a895c4c8b10d1f4a61097f9f254f183aee60cad9c651d"

[[package]]
name = "memchr"
version = "2.8.0"
source = "registry+https://github.com/rust-lang/crates.io-index"
checksum = "f8ca58f447f06ed17d5fc4043ce1b10dd205e060fb3ce5b979b8ed8e59ff3f79"

[[package]]
name = "num"
version = "0.4.3"
source = "registry+https://github.com/rust-lang/crates.io-index"
checksum = "35bd024e8b2ff75562e5f34e7f4905839deb4b22955ef5e73d2fea1b9813cb23"
dependencies = [
 "num-bigint",
 "num-complex",
 "num-integer",
 "num-iter",
 "num-rational",
 "num-traits",
]

[[package]]
name = "num-bigint"
version = "0.4.6"
source = "registry+https://github.com/rust-lang/crates.io-index"
checksum = "a5e44f723f1133c9deac646763579fdb3ac745e418f2a7af9cd0c431da1f20b9"
dependencies = [
 "num-integer",
 "num-traits",
]

[[package]]
name = "num-complex"
version = "0.4.6"
source = "registry+https://github.com/rust-lang/crates.io-index"
checksum = "73f88a1307638156682bada9d7604135552957b7818057dcef22705b4d509495"
dependencies = [
 "num-traits",
]

[[package]]
name = "num-integer"
version = "0.1.46"
source = "registry+https://github.com/rust-lang/crates.io-index"
checksum = "7969661fd2958a5cb096e56c8e1ad0444ac2bbcd0061bd28660485a44879858f"
dependencies = [
 "num-traits",
]

[[package]]
name = "num-iter"
version = "0.1.45"
source = "registry+https://github.com/rust-lang/crates.io-index"
checksum = "1429034a0490724d0075ebb2bc9e875d6503c3cf69e235a8941aa757d83ef5bf"
dependencies = [
 "autocfg",
 "num-integer",
 "num-traits",
]

[[package]]
name = "num-rational"
version = "0.4.2"
source = "registry+https://github.com/rust-lang/crates.io-index"
checksum = "f83d14da390562dca69fc84082e73e548e1ad308d24accdedd2720017cb37824"
dependencies = [
 "num-bigint",
 "num-integer",
 "num-traits",
]

[[package]]
name = "num-traits"
version = "0.2.19"
source = "registry+https://github.com/rust-lang/crates.io-index"
checksum = "071dfc062690e90b734c0b2273ce72ad0ffa95f0c74596bc250dcfd960262841"
dependencies = [
 "autocfg",
]

[[package]]
name = "once_cell"
version = "1.21.3"
source = "registry+https://github.com/rust-lang/crates.io-index"
checksum = "42f5e15c9953c5e4ccceeb2e7382a716482c34515315f7b03532b8b4e8393d2d"

[[package]]
name = "parking_lot_core"
version = "0.9.12"
source = "registry+https://github.com/rust-lang/crates.io-index"
checksum = "2621685985a2ebf1c516881c026032ac7deafcda1a2c9b7850dc81e3dfcb64c1"
dependencies = [
 "cfg-if",
 "libc",
 "redox_syscall",
 "smallvec",
 "windows-link",
]

[[package]]
name = "portable-atomic"
version = "1.13.1"
source = "registry+https://github.com/rust-lang/crates.io-index"
checksum = "c33a9471896f1c69cecef8d20cbe2f7accd12527ce60845ff44c153bb2a21b49"

[[package]]
name = "proc-macro2"
version = "1.0.106"
source = "registry+https://github.com/rust-lang/crates.io-index"
checksum = "8fd00f0bb2e90d81d1044c2b32617f68fcb9fa3bb7640c23e9c748e53fb30934"
dependencies = [
 "unicode-ident",
]

[[package]]
name = "pyo3"
version = "0.28.2"
source = "registry+https://github.com/rust-lang/crates.io-index"
checksum = "cf85e27e86080aafd5a22eae58a162e133a589551542b3e5cee4beb27e54f8e1"
dependencies = [
 "libc",
 "once_cell",
 "portable-atomic",
 "pyo3-build-config",
 "pyo3-ffi",
 "pyo3-macros",
]

[[package]]
name = "pyo3-build-config"
version = "0.28.2"
source = "registry+https://github.com/rust-lang/crates.io-index"
checksum = "8bf94ee265674bf76c09fa430b0e99c26e319c945d96ca0d5a8215f31bf81cf7"
dependencies = [
 "target-lexicon",
]

[[package]]
name = "pyo3-ffi"
version = "0.28.2"
source = "registry+https://github.com/rust-lang/crates.io-index"
checksum = "491aa5fc66d8059dd44a75f4580a2962c1862a1c2945359db36f6c2818b748dc"
dependencies = [
 "libc",
 "pyo3-build-config",
]

[[package]]
name = "pyo3-macros"
version = "0.28.2"
source = "registry+https://github.com/rust-lang/crates.io-index"
checksum = "f5d671734e9d7a43449f8480f8b38115df67bef8d21f76837fa75ee7aaa5e52e"
dependencies = [
 "proc-macro2",
 "pyo3-macros-backend",
 "quote",
 "syn",
]

[[package]]
name = "pyo3-macros-backend"
version = "0.28.2"
source = "registry+https://github.com/rust-lang/crates.io-index"
checksum = "22faaa1ce6c430a1f71658760497291065e6450d7b5dc2bcf254d49f66ee700a"
dependencies = [
 "heck",
 "proc-macro2",
 "pyo3-build-config",
 "quote",
 "syn",
]

[[package]]
name = "quote"
version = "1.0.44"
source = "registry+https://github.com/rust-lang/crates.io-index"
checksum = "21b2ebcf727b7760c461f091f9f0f539b77b8e87f2fd88131e7f1b433b3cece4"
dependencies = [
 "proc-macro2",
]

[[package]]
name = "r-efi"
version = "5.3.0"
source = "registry+https://github.com/rust-lang/crates.io-index"
checksum = "69cdb34c158ceb288df11e18b4bd39de994f6657d83847bdffdbd7f346754b0f"

[[package]]
name = "rayon"
version = "1.11.0"
source = "registry+https://github.com/rust-lang/crates.io-index"
checksum = "368f01d005bf8fd9b1206fb6fa653e6c4a81ceb1466406b81792d87c5677a58f"
dependencies = [
 "either",
 "rayon-core",
]

[[package]]
name = "rayon-core"
version = "1.13.0"
source = "registry+https://github.com/rust-lang/crates.io-index"
checksum = "22e18b0f0062d30d4230b2e85ff77fdfe4326feb054b9783a3460d8435c8ab91"
dependencies = [
 "crossbeam-deque",
 "crossbeam-utils",
]

[[package]]
name = "redox_syscall"
version = "0.5.18"
source = "registry+https://github.com/rust-lang/crates.io-index"
checksum = "ed2bf2547551a7053d6fdfafda3f938979645c44812fbfcda098faae3f1a362d"
dependencies = [
 "bitflags",
]

[[package]]
name = "regex"
version = "1.12.3"
source = "registry+https://github.com/rust-lang/crates.io-index"
checksum = "e10754a14b9137dd7b1e3e5b0493cc9171fdd105e0ab477f51b72e7f3ac0e276"
dependencies = [
 "aho-corasick",
 "memchr",
 "regex-automata",
 "regex-syntax",
]

[[package]]
name = "regex-automata"
version = "0.4.14"
source = "registry+https://github.com/rust-lang/crates.io-index"
checksum = "6e1dd4122fc1595e8162618945476892eefca7b88c52820e74af6262213cae8f"
dependencies = [
 "aho-corasick",
 "memchr",
 "regex-syntax",
]

[[package]]
name = "regex-syntax"
version = "0.8.9"
source = "registry+https://github.com/rust-lang/crates.io-index"
checksum = "a96887878f22d7bad8a3b6dc5b7440e0ada9a245242924394987b21cf2210a4c"

[[package]]
name = "rustversion"
version = "1.0.22"
source = "registry+https://github.com/rust-lang/crates.io-index"
checksum = "b39cdef0fa800fc44525c84ccb54a029961a8215f9619753635a9c0d2538d46d"

[[package]]
name = "ryu"
version = "1.0.23"
source = "registry+https://github.com/rust-lang/crates.io-index"
checksum = "9774ba4a74de5f7b1c1451ed6cd5285a32eddb5cccb8cc655a4e50009e06477f"

[[package]]
name = "scopeguard"
version = "1.2.0"
source = "registry+https://github.com/rust-lang/crates.io-index"
checksum = "94143f37725109f92c262ed2cf5e59bce7498c01bcc1502d7b9afe439a4e9f49"

[[package]]
name = "serde"
version = "1.0.228"
source = "registry+https://github.com/rust-lang/crates.io-index"
checksum = "9a8e94ea7f378bd32cbbd37198a4a91436180c5bb472411e48b5ec2e2124ae9e"
dependencies = [
 "serde_core",
 "serde_derive",
]

[[package]]
name = "serde-wasm-bindgen"
version = "0.6.5"
source = "registry+https://github.com/rust-lang/crates.io-index"
checksum = "8302e169f0eddcc139c70f139d19d6467353af16f9fce27e8c30158036a1e16b"
dependencies = [
 "js-sys",
 "serde",
 "wasm-bindgen",
]

[[package]]
name = "serde_core"
version = "1.0.228"
source = "registry+https://github.com/rust-lang/crates.io-index"
checksum = "41d385c7d4ca58e59fc732af25c3983b67ac852c1a25000afe1175de458b67ad"
dependencies = [
 "serde_derive",
]

[[package]]
name = "serde_derive"
version = "1.0.228"
source = "registry+https://github.com/rust-lang/crates.io-index"
checksum = "d540f220d3187173da220f885ab66608367b6574e925011a9353e4badda91d79"
dependencies = [
 "proc-macro2",
 "quote",
 "syn",
]

[[package]]
name = "serde_json"
version = "1.0.149"
source = "registry+https://github.com/rust-lang/crates.io-index"
checksum = "83fc039473c5595ace860d8c4fafa220ff474b3fc6bfdb4293327f1a37e94d86"
dependencies = [
 "itoa",
 "memchr",
 "serde",
 "serde_core",
 "zmij",
]

[[package]]
name = "smallvec"
version = "1.15.1"
source = "registry+https://github.com/rust-lang/crates.io-index"
checksum = "67b1b7a3b5fe4f1376887184045fcf45c69e92af734b7aaddc05fb777b6fbd03"

[[package]]
name = "static_assertions"
version = "1.1.0"
source = "registry+https://github.com/rust-lang/crates.io-index"
checksum = "a2eb9349b6444b326872e140eb1cf5e7c522154d69e7a0ffb0fb81c06b37543f"

[[package]]
name = "strum"
version = "0.27.2"
source = "registry+https://github.com/rust-lang/crates.io-index"
checksum = "af23d6f6c1a224baef9d3f61e287d2761385a5b88fdab4eb4c6f11aeb54c4bcf"

[[package]]
name = "strum_macros"
version = "0.27.2"
source = "registry+https://github.com/rust-lang/crates.io-index"
checksum = "7695ce3845ea4b33927c055a39dc438a45b059f7c1b3d91d38d10355fb8cbca7"
dependencies = [
 "heck",
 "proc-macro2",
 "quote",
 "syn",
]

[[package]]
name = "syn"
version = "2.0.117"
source = "registry+https://github.com/rust-lang/crates.io-index"
checksum = "e665b8803e7b1d2a727f4023456bbbbe74da67099c585258af0ad9c5013b9b99"
dependencies = [
 "proc-macro2",
 "quote",
 "unicode-ident",
]

[[package]]
name = "target-lexicon"
version = "0.13.5"
source = "registry+https://github.com/rust-lang/crates.io-index"
checksum = "adb6935a6f5c20170eeceb1a3835a49e12e19d792f6dd344ccc76a985ca5a6ca"

[[package]]
name = "tiny-keccak"
version = "2.0.2"
source = "registry+https://github.com/rust-lang/crates.io-index"
checksum = "2c9d3793400a45f954c52e73d068316d76b6f4e36977e3fcebb13a2721e80237"
dependencies = [
 "crunchy",
]

[[package]]
name = "unicode-ident"
version = "1.0.24"
source = "registry+https://github.com/rust-lang/crates.io-index"
checksum = "e6e4313cd5fcd3dad5cafa179702e2b244f760991f45397d14d4ebf38247da75"

[[package]]
name = "version_check"
version = "0.9.5"
source = "registry+https://github.com/rust-lang/crates.io-index"
checksum = "0b928f33d975fc6ad9f86c8f283853ad26bdd5b10b7f1542aa2fa15e2289105a"

[[package]]
name = "wasi"
version = "0.11.1+wasi-snapshot-preview1"
source = "registry+https://github.com/rust-lang/crates.io-index"
checksum = "ccf3ec651a847eb01de73ccad15eb7d99f80485de043efb2f370cd654f4ea44b"

[[package]]
name = "wasip2"
version = "1.0.2+wasi-0.2.9"
source = "registry+https://github.com/rust-lang/crates.io-index"
checksum = "9517f9239f02c069db75e65f174b3da828fe5f5b945c4dd26bd25d89c03ebcf5"
dependencies = [
 "wit-bindgen",
]

[[package]]
name = "wasm-bindgen"
version = "0.2.111"
source = "registry+https://github.com/rust-lang/crates.io-index"
checksum = "ec1adf1535672f5b7824f817792b1afd731d7e843d2d04ec8f27e8cb51edd8ac"
dependencies = [
 "cfg-if",
 "once_cell",
 "rustversion",
 "wasm-bindgen-macro",
 "wasm-bindgen-shared",
]

[[package]]
name = "wasm-bindgen-macro"
version = "0.2.111"
source = "registry+https://github.com/rust-lang/crates.io-index"
checksum = "19e638317c08b21663aed4d2b9a2091450548954695ff4efa75bff5fa546b3b1"
dependencies = [
 "quote",
 "wasm-bindgen-macro-support",
]

[[package]]
name = "wasm-bindgen-macro-support"
version = "0.2.111"
source = "registry+https://github.com/rust-lang/crates.io-index"
checksum = "2c64760850114d03d5f65457e96fc988f11f01d38fbaa51b254e4ab5809102af"
dependencies = [
 "bumpalo",
 "proc-macro2",
 "quote",
 "syn",
 "wasm-bindgen-shared",
]

[[package]]
name = "wasm-bindgen-shared"
version = "0.2.111"
source = "registry+https://github.com/rust-lang/crates.io-index"
checksum = "60eecd4fe26177cfa3339eb00b4a36445889ba3ad37080c2429879718e20ca41"
dependencies = [
 "unicode-ident",
]

[[package]]
name = "windows-link"
version = "0.2.1"
source = "registry+https://github.com/rust-lang/crates.io-index"
checksum = "f0805222e57f7521d6a62e36fa9163bc891acd422f971defe97d64e70d0a4fe5"

[[package]]
name = "wit-bindgen"
version = "0.51.0"
source = "registry+https://github.com/rust-lang/crates.io-index"
checksum = "d7249219f66ced02969388cf2bb044a09756a083d0fab1e566056b04d9fbcaa5"

[[package]]
name = "zerocopy"
version = "0.8.39"
source = "registry+https://github.com/rust-lang/crates.io-index"
checksum = "db6d35d663eadb6c932438e763b262fe1a70987f9ae936e60158176d710cae4a"
dependencies = [
 "zerocopy-derive",
]

[[package]]
name = "zerocopy-derive"
version = "0.8.39"
source = "registry+https://github.com/rust-lang/crates.io-index"
checksum = "4122cd3169e94605190e77839c9a40d40ed048d305bfdc146e7df40ab0f3e517"
dependencies = [
 "proc-macro2",
 "quote",
 "syn",
]

[[package]]
name = "zmij"
version = "1.0.21"
source = "registry+https://github.com/rust-lang/crates.io-index"
checksum = "b8848ee67ecc8aedbaf3e4122217aff892639231befc6a1b58d29fff4c2cabaa"
