# This file is automatically @generated by Cargo.
# It is not intended for manual editing.
version = 4

[[package]]
name = "aho-corasick"
version = "1.1.4"
source = "registry+https://github.com/rust-lang/crates.io-index"
checksum = "ddd31a130427c27518df266943a5308ed92d4b226cc639f5a8f1002816174301"
dependencies = [
 "memchr",
]

[[package]]
name = "autocfg"
version = "1.5.0"
source = "registry+https://github.com/rust-lang/crates.io-index"
checksum = "c08606f8c3cbf4ce6ec8e28fb0014a2c086708fe954eaa885384a6165172e7e8"

[[package]]
name = "bitflags"
version = "2.11.0"
source = "registry+https://github.com/rust-lang/crates.io-index"
checksum = "843867be96c8daad0d758b57df9392b6d8d271134fce549de6ce169ff98a92af"

[[package]]
name = "bumpalo"
version = "3.20.2"
source = "registry+https://github.com/rust-lang/crates.io-index"
checksum = "5d20789868f4b01b2f2caec9f5c4e0213b41e3e5702a50157d699ae31ced2fcb"

[[package]]
name = "cfg-if"
version = "1.0.4"
source = "registry+https://github.com/rust-lang/crates.io-index"
checksum = "9330f8b2ff13f34540b44e946ef35111825727b38d33286ef986142615121801"

[[package]]
name = "counter"
version = "0.7.0"
source = "registry+https://github.com/rust-lang/crates.io-index"
checksum = "337a5b3c62043f6a4f5331bdb467a7f7a2099dce8522bcded6d4ebda1214fa4c"
dependencies = [
 "num-traits",
]

[[package]]
name = "crossbeam-deque"
version = "0.8.6"
source = "registry+https://github.com/rust-lang/crates.io-index"
checksum = "9dd111b7b7f7d55b72c0a6ae361660ee5853c9af73f70c3c2ef6858b950e2e51"
dependencies = [
 "crossbeam-epoch",
 "crossbeam-utils",
]

[[package]]
name = "crossbeam-epoch"
version = "0.9.18"
source = "registry+https://github.com/rust-lang/crates.io-index"
checksum = "5b82ac4a3c2ca9c3460964f020e1402edd5753411d7737aa39c3714ad1b5420e"
dependencies = [
 "crossbeam-utils",
]

[[package]]
name = "crossbeam-utils"
version = "0.8.21"
source = "registry+https://github.com/rust-lang/crates.io-index"
checksum = "d0a5c400df2834b80a4c3327b3aad3a4c4cd4de0629063962b03235697506a28"

[[package]]
name = "dashmap"
version = "6.1.0"
source = "registry+https://github.com/rust-lang/crates.io-index"
checksum = "5041cc499144891f3790297212f32a74fb938e5136a14943f338ef9e0ae276cf"
dependencies = [
 "cfg-if",
 "crossbeam-utils",
 "hashbrown",
 "lock_api",
 "once_cell",
 "parking_lot_core",
]

[[package]]
name = "either"
version = "1.15.0"
source = "registry+https://github.com/rust-lang/crates.io-index"
checksum = "48c757948c5ede0e46177b7add2e67155f70e33c07fea8284df6576da70b3719"

[[package]]
name = "fastrand"
version = "2.3.0"
source = "registry+https://github.com/rust-lang/crates.io-index"
checksum = "37909eebbb50d72f9059c3b6d82c0463f2ff062c9e95845c43a6c9c0355411be"
dependencies = [
 "getrandom",
]

[[package]]
name = "fst"
version = "0.4.7"
source = "registry+https://github.com/rust-lang/crates.io-index"
checksum = "7ab85b9b05e3978cc9a9cf8fea7f01b494e1a09ed3037e16ba39edc7a29eb61a"

[[package]]
name = "getrandom"
version = "0.2.17"
source = "registry+https://github.com/rust-lang/crates.io-index"
checksum = "ff2abc00be7fca6ebc474524697ae276ad847ad0a6b3faa4bcb027e9a4614ad0"
dependencies = [
 "cfg-if",
 "js-sys",
 "libc",
 "wasi",
 "wasm-bindgen",
]

[[package]]
name = "hashbrown"
version = "0.14.5"
source = "registry+https://github.com/rust-lang/crates.io-index"
checksum = "e5274423e17b7c9fc20b6e7e208532f9b19825d82dfd615708b70edd83df41f1"

[[package]]
name = "heck"
version = "0.5.0"
source = "registry+https://github.com/rust-lang/crates.io-index"
checksum = "2304e00983f87ffb38b55b444b5e3b60a884b5d30c0fca7d82fe33449bbe55ea"

[[package]]
name = "include_dir"
version = "0.7.4"
source = "registry+https://github.com/rust-lang/crates.io-index"
checksum = "923d117408f1e49d914f1a379a309cffe4f18c05cf4e3d12e613a15fc81bd0dd"
dependencies = [
 "include_dir_macros",
]

[[package]]
name = "include_dir_macros"
version = "0.7.4"
source = "registry+https://github.com/rust-lang/crates.io-index"
checksum = "7cab85a7ed0bd5f0e76d93846e0147172bed2e2d3f859bcc33a8d9699cad1a75"
dependencies = [
 "proc-macro2",
 "quote",
]

[[package]]
name = "itertools"
version = "0.14.0"
source = "registry+https://github.com/rust-lang/crates.io-index"
checksum = "2b192c782037fadd9cfa75548310488aabdbf3d2da73885b31bd0abd03351285"
dependencies = [
 "either",
]

[[package]]
name = "js-sys"
version = "0.3.91"
source = "registry+https://github.com/rust-lang/crates.io-index"
checksum = "b49715b7073f385ba4bc528e5747d02e66cb39c6146efb66b781f131f0fb399c"
dependencies = [
 "once_cell",
 "wasm-bindgen",
]

[[package]]
name = "language"
version = "0.1.0"
dependencies = [
 "lingua",
 "pyo3",
]

[[package]]
name = "libc"
version = "0.2.183"
source = "registry+https://github.com/rust-lang/crates.io-index"
checksum = "b5b646652bf6661599e1da8901b3b9522896f01e736bad5f723fe7a3a27f899d"

[[package]]
name = "lingua"
version = "1.8.0"
source = "registry+https://github.com/rust-lang/crates.io-index"
checksum = "f40d9129bb9fe42c95d1bd420d6891607eaff17df16ee15674aed2d05b0ec8f4"
dependencies = [
 "counter",
 "dashmap",
 "fastrand",
 "fst",
 "include_dir",
 "itertools",
 "lingua-afrikaans-language-model",
 "lingua-albanian-language-model",
 "lingua-arabic-language-model",
 "lingua-armenian-language-model",
 "lingua-azerbaijani-language-model",
 "lingua-basque-language-model",
 "lingua-belarusian-language-model",
 "lingua-bengali-language-model",
 "lingua-bokmal-language-model",
 "lingua-bosnian-language-model",
 "lingua-bulgarian-language-model",
 "lingua-catalan-language-model",
 "lingua-chinese-language-model",
 "lingua-croatian-language-model",
 "lingua-czech-language-model",
 "lingua-danish-language-model",
 "lingua-dutch-language-model",
 "lingua-english-language-model",
 "lingua-esperanto-language-model",
 "lingua-estonian-language-model",
 "lingua-finnish-language-model",
 "lingua-french-language-model",
 "lingua-ganda-language-model",
 "lingua-georgian-language-model",
 "lingua-german-language-model",
 "lingua-greek-language-model",
 "lingua-gujarati-language-model",
 "lingua-hebrew-language-model",
 "lingua-hindi-language-model",
 "lingua-hungarian-language-model",
 "lingua-icelandic-language-model",
 "lingua-indonesian-language-model",
 "lingua-irish-language-model",
 "lingua-italian-language-model",
 "lingua-japanese-language-model",
 "lingua-kazakh-language-model",
 "lingua-korean-language-model",
 "lingua-latvian-language-model",
 "lingua-lithuanian-language-model",
 "lingua-macedonian-language-model",
 "lingua-malay-language-model",
 "lingua-maori-language-model",
 "lingua-marathi-language-model",
 "lingua-mongolian-language-model",
 "lingua-nynorsk-language-model",
 "lingua-persian-language-model",
 "lingua-polish-language-model",
 "lingua-portuguese-language-model",
 "lingua-punjabi-language-model",
 "lingua-romanian-language-model",
 "lingua-russian-language-model",
 "lingua-serbian-language-model",
 "lingua-shona-language-model",
 "lingua-slovak-language-model",
 "lingua-slovene-language-model",
 "lingua-somali-language-model",
 "lingua-sotho-language-model",
 "lingua-spanish-language-model",
 "lingua-swahili-language-model",
 "lingua-swedish-language-model",
 "lingua-tagalog-language-model",
 "lingua-tamil-language-model",
 "lingua-telugu-language-model",
 "lingua-thai-language-model",
 "lingua-tsonga-language-model",
 "lingua-tswana-language-model",
 "lingua-turkish-language-model",
 "lingua-ukrainian-language-model",
 "lingua-urdu-language-model",
 "lingua-vietnamese-language-model",
 "lingua-welsh-language-model",
 "lingua-xhosa-language-model",
 "lingua-yoruba-language-model",
 "lingua-zulu-language-model",
 "maplit",
 "rayon",
 "regex",
 "serde",
 "serde-wasm-bindgen",
 "strum",
 "strum_macros",
 "wasm-bindgen",
]

[[package]]
name = "lingua-afrikaans-language-model"
version = "1.3.0"
source = "registry+https://github.com/rust-lang/crates.io-index"
checksum = "2810a47263f58358fa22acc425b330a334382f33fcee8f205be672a7ec6d8d4a"
dependencies = [
 "include_dir",
]

[[package]]
name = "lingua-albanian-language-model"
version = "1.3.0"
source = "registry+https://github.com/rust-lang/crates.io-index"
checksum = "81be672350a5a37c9aae935dd8520295289cc02d098929484b963b60fb42e174"
dependencies = [
 "include_dir",
]

[[package]]
name = "lingua-arabic-language-model"
version = "1.3.0"
source = "registry+https://github.com/rust-lang/crates.io-index"
checksum = "5bcc254ff44209c2a50dea58a644f9c257a0aa5cd7e1739fd9c373fe4c7456cf"
dependencies = [
 "include_dir",
]

[[package]]
name = "lingua-armenian-language-model"
version = "1.3.0"
source = "registry+https://github.com/rust-lang/crates.io-index"
checksum = "4cf4e5825cb3a2b11d8bd7baa6788167b65ffbf8ce21dc9b9dcb5e6adee1d5f0"
dependencies = [
 "include_dir",
]

[[package]]
name = "lingua-azerbaijani-language-model"
version = "1.3.0"
source = "registry+https://github.com/rust-lang/crates.io-index"
checksum = "3fdcc775ff75bcc6de0ea5330f65e62644622e29c980a72b437780ba57bba838"
dependencies = [
 "include_dir",
]

[[package]]
name = "lingua-basque-language-model"
version = "1.3.0"
source = "registry+https://github.com/rust-lang/crates.io-index"
checksum = "5cbea869a4556800f2798c61559fd2e87fd65d7698ce27ad6fba5b1d9ec1fbe9"
dependencies = [
 "include_dir",
]

[[package]]
name = "lingua-belarusian-language-model"
version = "1.3.0"
source = "registry+https://github.com/rust-lang/crates.io-index"
checksum = "2887044d4c11388e15692bf953f70468282600c426e1cd6a208a93aeca3aedfd"
dependencies = [
 "include_dir",
]

[[package]]
name = "lingua-bengali-language-model"
version = "1.3.0"
source = "registry+https://github.com/rust-lang/crates.io-index"
checksum = "7f94131563e0e0c571cebf03f867d0e1b7dd15278f7cab3e4ba8b0f8026072cc"
dependencies = [
 "include_dir",
]

[[package]]
name = "lingua-bokmal-language-model"
version = "1.3.0"
source = "registry+https://github.com/rust-lang/crates.io-index"
checksum = "b443b1ec0498bcf43594f9bf65ae8f5660b5bf21eb769950a245ced8e376ac23"
dependencies = [
 "include_dir",
]

[[package]]
name = "lingua-bosnian-language-model"
version = "1.3.0"
source = "registry+https://github.com/rust-lang/crates.io-index"
checksum = "04f540ed0441bcdbb0b36c43f306bc2b0892921ceb95e865fe0b8b0c39bb82c4"
dependencies = [
 "include_dir",
]

[[package]]
name = "lingua-bulgarian-language-model"
version = "1.3.0"
source = "registry+https://github.com/rust-lang/crates.io-index"
checksum = "2f4679441ff2d94b21a3d76293ffd5310a012ea62247b7b2066939e2728cbfc0"
dependencies = [
 "include_dir",
]

[[package]]
name = "lingua-catalan-language-model"
version = "1.3.0"
source = "registry+https://github.com/rust-lang/crates.io-index"
checksum = "7366ac180de87eb19f32063b8eed1db270ab333f7a450d96250e53b14b0a750f"
dependencies = [
 "include_dir",
]

[[package]]
name = "lingua-chinese-language-model"
version = "1.3.0"
source = "registry+https://github.com/rust-lang/crates.io-index"
checksum = "21ca7fa9f7671d684c82c168725f380fc873f14d6f4e8c82f0da681bcc0048d1"
dependencies = [
 "include_dir",
]

[[package]]
name = "lingua-croatian-language-model"
version = "1.3.0"
source = "registry+https://github.com/rust-lang/crates.io-index"
checksum = "d86b1346b98397e7cf87e8f3fe544fce6514918e6bde253a014eea7ca03c31d8"
dependencies = [
 "include_dir",
]

[[package]]
name = "lingua-czech-language-model"
version = "1.3.0"
source = "registry+https://github.com/rust-lang/crates.io-index"
checksum = "348f06e4f90e1c2bc597ea3caf52abb9d3dd09ba227fa7cf4f2dc723a9810e98"
dependencies = [
 "include_dir",
]

[[package]]
name = "lingua-danish-language-model"
version = "1.3.0"
source = "registry+https://github.com/rust-lang/crates.io-index"
checksum = "363953413132601a06fe0cae1fffb5d519d0cfb378049cc78b3893edd03a194f"
dependencies = [
 "include_dir",
]

[[package]]
name = "lingua-dutch-language-model"
version = "1.3.0"
source = "registry+https://github.com/rust-lang/crates.io-index"
checksum = "fe0da523f4726c05ed557b5a309315c1c161a5ec9ca6036c6c1c799ce492b698"
dependencies = [
 "include_dir",
]

[[package]]
name = "lingua-english-language-model"
version = "1.3.0"
source = "registry+https://github.com/rust-lang/crates.io-index"
checksum = "97102de08b134a49f1cce05a1b6f5bf08ef21fe858074ae2b794e7892c43dd4b"
dependencies = [
 "include_dir",
]

[[package]]
name = "lingua-esperanto-language-model"
version = "1.3.0"
source = "registry+https://github.com/rust-lang/crates.io-index"
checksum = "13d2a7ae84bfa3ed2a05815ca4a81d34cee7da1a77e830ab933c4debc21d6532"
dependencies = [
 "include_dir",
]

[[package]]
name = "lingua-estonian-language-model"
version = "1.3.0"
source = "registry+https://github.com/rust-lang/crates.io-index"
checksum = "7095f107a6e89147a9066db6a3f9e1b0a4706323d59a4bb58fa8218d74c1fde8"
dependencies = [
 "include_dir",
]

[[package]]
name = "lingua-finnish-language-model"
version = "1.3.0"
source = "registry+https://github.com/rust-lang/crates.io-index"
checksum = "f5b3c44089812704148c89dbe77fb34122c2f6e8182bbf0f72ea69c92e948e9e"
dependencies = [
 "include_dir",
]

[[package]]
name = "lingua-french-language-model"
version = "1.3.0"
source = "registry+https://github.com/rust-lang/crates.io-index"
checksum = "45508227e42c9cc5eb202e17c4c40e38ea7b9be9421faeb3ab0fb7ac37d9c681"
dependencies = [
 "include_dir",
]

[[package]]
name = "lingua-ganda-language-model"
version = "1.3.0"
source = "registry+https://github.com/rust-lang/crates.io-index"
checksum = "f7d4b9fba87a72ae0f929fbe0bdc78f71be78d14475219718e70fd686b281082"
dependencies = [
 "include_dir",
]

[[package]]
name = "lingua-georgian-language-model"
version = "1.3.0"
source = "registry+https://github.com/rust-lang/crates.io-index"
checksum = "73f3568595e73295b905ec54cc2dbda915efaee5f7abf91d572e9d44a843e81d"
dependencies = [
 "include_dir",
]

[[package]]
name = "lingua-german-language-model"
version = "1.3.0"
source = "registry+https://github.com/rust-lang/crates.io-index"
checksum = "f584da803e8c135ea22dd3ed321a6b3e2ff3465559606be0a597924ecd465cb2"
dependencies = [
 "include_dir",
]

[[package]]
name = "lingua-greek-language-model"
version = "1.3.0"
source = "registry+https://github.com/rust-lang/crates.io-index"
checksum = "a5da9a688ceb41963f3555526a2e4431e0e5208a3320e56b72b1de998ba6b1c7"
dependencies = [
 "include_dir",
]

[[package]]
name = "lingua-gujarati-language-model"
version = "1.3.0"
source = "registry+https://github.com/rust-lang/crates.io-index"
checksum = "e495d0421f5e4d6b1d71ebf3a98b445c5ada6b03f033b6b62db2382e4d075663"
dependencies = [
 "include_dir",
]

[[package]]
name = "lingua-hebrew-language-model"
version = "1.3.0"
source = "registry+https://github.com/rust-lang/crates.io-index"
checksum = "fc49d9a174de884bba595c8b575ee37fdb1c1a728eeff608d43e1a7378048545"
dependencies = [
 "include_dir",
]

[[package]]
name = "lingua-hindi-language-model"
version = "1.3.0"
source = "registry+https://github.com/rust-lang/crates.io-index"
checksum = "dca88af8dede1a30fcd79318b9c22f3662785fd87ed5b39881d19770651bf720"
dependencies = [
 "include_dir",
]

[[package]]
name = "lingua-hungarian-language-model"
version = "1.3.0"
source = "registry+https://github.com/rust-lang/crates.io-index"
checksum = "0d7072b2cdf43438214e82b53c51ad85a16d657e5c07a5a77bef78a4cd39423c"
dependencies = [
 "include_dir",
]

[[package]]
name = "lingua-icelandic-language-model"
version = "1.3.0"
source = "registry+https://github.com/rust-lang/crates.io-index"
checksum = "341fa17414af93a6ccf33c6efda9e65d1476a18785b075a16d53f66c9e19379d"
dependencies = [
 "include_dir",
]

[[package]]
name = "lingua-indonesian-language-model"
version = "1.3.0"
source = "registry+https://github.com/rust-lang/crates.io-index"
checksum = "fe1f2e05145c3fb4172c01c4563f729938c85f77742948444523dfcda2c3e80d"
dependencies = [
 "include_dir",
]

[[package]]
name = "lingua-irish-language-model"
version = "1.3.0"
source = "registry+https://github.com/rust-lang/crates.io-index"
checksum = "5099708a7fc7081e4171dbc0905691e5e02639d8899558a105720f28522261db"
dependencies = [
 "include_dir",
]

[[package]]
name = "lingua-italian-language-model"
version = "1.3.0"
source = "registry+https://github.com/rust-lang/crates.io-index"
checksum = "83a87385ee42f6a0306df81066d4f77c225a337137fc15978a4b319c6bcf4bfe"
dependencies = [
 "include_dir",
]

[[package]]
name = "lingua-japanese-language-model"
version = "1.3.0"
source = "registry+https://github.com/rust-lang/crates.io-index"
checksum = "df0938f75de3ae5dcdc925d823ed409854ca14f6a653782b9a1ad5d899462fbe"
dependencies = [
 "include_dir",
]

[[package]]
name = "lingua-kazakh-language-model"
version = "1.3.0"
source = "registry+https://github.com/rust-lang/crates.io-index"
checksum = "af90d71a099b11f3b0677402a9894e95b0acb9459343735dfaec57af6be11ee6"
dependencies = [
 "include_dir",
]

[[package]]
name = "lingua-korean-language-model"
version = "1.3.0"
source = "registry+https://github.com/rust-lang/crates.io-index"
checksum = "aa87f6c43ff894fc75159c021480d2fdf96882bf5bd235f8916ceb6b7caae561"
dependencies = [
 "include_dir",
]

[[package]]
name = "lingua-latvian-language-model"
version = "1.3.0"
source = "registry+https://github.com/rust-lang/crates.io-index"
checksum = "f1b2f30766e9e1ce10d960ce3eb2da6514fd0ee18c8d617a566b03126140e656"
dependencies = [
 "include_dir",
]

[[package]]
name = "lingua-lithuanian-language-model"
version = "1.3.0"
source = "registry+https://github.com/rust-lang/crates.io-index"
checksum = "4e4a2a1994e48841c1d2d63099fbd68476615bf0d833fa14a3654f7043e38fc7"
dependencies = [
 "include_dir",
]

[[package]]
name = "lingua-macedonian-language-model"
version = "1.3.0"
source = "registry+https://github.com/rust-lang/crates.io-index"
checksum = "779ea3952ecade3aff6a34eea6f432a0d10652fafd9723a1b2258551b08f83b4"
dependencies = [
 "include_dir",
]

[[package]]
name = "lingua-malay-language-model"
version = "1.3.0"
source = "registry+https://github.com/rust-lang/crates.io-index"
checksum = "10936b2ac22076f9dbb968c71aacbf16c71ed36a92da10f077850d7ec5ded341"
dependencies = [
 "include_dir",
]

[[package]]
name = "lingua-maori-language-model"
version = "1.3.0"
source = "registry+https://github.com/rust-lang/crates.io-index"
checksum = "d5bbc1e34392b0081209eec7d6b201a062612717c0670dad451066d9026261da"
dependencies = [
 "include_dir",
]

[[package]]
name = "lingua-marathi-language-model"
version = "1.3.0"
source = "registry+https://github.com/rust-lang/crates.io-index"
checksum = "fb68fa15d9a57a2ca2a71f8f59f455267bd8a8793216449697c2dd04898915a0"
dependencies = [
 "include_dir",
]

[[package]]
name = "lingua-mongolian-language-model"
version = "1.3.0"
source = "registry+https://github.com/rust-lang/crates.io-index"
checksum = "a72e6a2a3c9ecb22dbd8870bae40c167f767defd69f05c58e5467d233b6360d5"
dependencies = [
 "include_dir",
]

[[package]]
name = "lingua-nynorsk-language-model"
version = "1.3.0"
source = "registry+https://github.com/rust-lang/crates.io-index"
checksum = "2f5e7e54f8e04a5286aab3a8e22f395b42e9341cab1fdafdd04660a17e81fe8d"
dependencies = [
 "include_dir",
]

[[package]]
name = "lingua-persian-language-model"
version = "1.3.0"
source = "registry+https://github.com/rust-lang/crates.io-index"
checksum = "ddf084e05d33ed66d64461e6397b571fdf74fe93c13c4ac4c84a633e33d2d07b"
dependencies = [
 "include_dir",
]

[[package]]
name = "lingua-polish-language-model"
version = "1.3.0"
source = "registry+https://github.com/rust-lang/crates.io-index"
checksum = "72eb03e7940b3178c152138a16976e374ed0a3ddc80dc6f0b56984ab1189cb67"
dependencies = [
 "include_dir",
]

[[package]]
name = "lingua-portuguese-language-model"
version = "1.3.0"
source = "registry+https://github.com/rust-lang/crates.io-index"
checksum = "432eda7984456055033ffa168037be9afe0f5c9ecd891bf5f27435247d496b47"
dependencies = [
 "include_dir",
]

[[package]]
name = "lingua-punjabi-language-model"
version = "1.3.0"
source = "registry+https://github.com/rust-lang/crates.io-index"
checksum = "620ec0c678bfca1b99d5379f8024cfed24149556a0d55957799d870f3c71df26"
dependencies = [
 "include_dir",
]

[[package]]
name = "lingua-romanian-language-model"
version = "1.3.0"
source = "registry+https://github.com/rust-lang/crates.io-index"
checksum = "1051aa082754acfc52110456e29fbbf6d2c648da9a4753a861c34f19325cfab8"
dependencies = [
 "include_dir",
]

[[package]]
name = "lingua-russian-language-model"
version = "1.3.0"
source = "registry+https://github.com/rust-lang/crates.io-index"
checksum = "4fc0850578299531b50192be2c1de1af651f1289784253645e737fe456a6a138"
dependencies = [
 "include_dir",
]

[[package]]
name = "lingua-serbian-language-model"
version = "1.3.0"
source = "registry+https://github.com/rust-lang/crates.io-index"
checksum = "df46949714d864f81138b3590878c89f06cf5d0af0e758a1e1217dd13983a896"
dependencies = [
 "include_dir",
]

[[package]]
name = "lingua-shona-language-model"
version = "1.3.0"
source = "registry+https://github.com/rust-lang/crates.io-index"
checksum = "85ca30d90634fc427e79dddfa555524f5983a630ce809aeb02b708f434937965"
dependencies = [
 "include_dir",
]

[[package]]
name = "lingua-slovak-language-model"
version = "1.3.0"
source = "registry+https://github.com/rust-lang/crates.io-index"
checksum = "529a596f3d90b2051b3ead90e864f6ad9e14b43716c3f252268e9e6e43ab28de"
dependencies = [
 "include_dir",
]

[[package]]
name = "lingua-slovene-language-model"
version = "1.3.0"
source = "registry+https://github.com/rust-lang/crates.io-index"
checksum = "db52978574611533d873b727281d1c1d0ab2b031331654c1729723b682bc76a1"
dependencies = [
 "include_dir",
]

[[package]]
name = "lingua-somali-language-model"
version = "1.3.0"
source = "registry+https://github.com/rust-lang/crates.io-index"
checksum = "be79a11e6d682c7f1ecb342fe41169a59d6adb5eac3b4de77973fb7bbf936e39"
dependencies = [
 "include_dir",
]

[[package]]
name = "lingua-sotho-language-model"
version = "1.3.0"
source = "registry+https://github.com/rust-lang/crates.io-index"
checksum = "c476a7019592446989258b7f204cc7b5429b42a4d7eb686b80461a5f790e08bc"
dependencies = [
 "include_dir",
]

[[package]]
name = "lingua-spanish-language-model"
version = "1.3.0"
source = "registry+https://github.com/rust-lang/crates.io-index"
checksum = "56395a8d96c892130a9efb433c5f042977fb75ae5fb6e0058c8814a947459137"
dependencies = [
 "include_dir",
]

[[package]]
name = "lingua-swahili-language-model"
version = "1.3.0"
source = "registry+https://github.com/rust-lang/crates.io-index"
checksum = "218763c238936496b53d88535e1a4db1eda30c278af682f02d6b836edb08162a"
dependencies = [
 "include_dir",
]

[[package]]
name = "lingua-swedish-language-model"
version = "1.3.0"
source = "registry+https://github.com/rust-lang/crates.io-index"
checksum = "77c965c5b11d6e1e619a98e393d16f73a0754cb05b5b067b537fd25e9b74bec0"
dependencies = [
 "include_dir",
]

[[package]]
name = "lingua-tagalog-language-model"
version = "1.3.0"
source = "registry+https://github.com/rust-lang/crates.io-index"
checksum = "fe7e48a2d97dc20ebe3618c794d45c363299e4930cc2ff2fd21b174130d75e8d"
dependencies = [
 "include_dir",
]

[[package]]
name = "lingua-tamil-language-model"
version = "1.3.0"
source = "registry+https://github.com/rust-lang/crates.io-index"
checksum = "212e6ed4c50fc9b06278f5b401ba17eeece43ccc84515e95ece76efd16e55d9b"
dependencies = [
 "include_dir",
]

[[package]]
name = "lingua-telugu-language-model"
version = "1.3.0"
source = "registry+https://github.com/rust-lang/crates.io-index"
checksum = "af1a68d768b356c89f0a68280ab9a4adec487ba3b0ba1d2dda244a86ed712797"
dependencies = [
 "include_dir",
]

[[package]]
name = "lingua-thai-language-model"
version = "1.3.0"
source = "registry+https://github.com/rust-lang/crates.io-index"
checksum = "2582eeabf02e39680856c3f88d3b93fcdb351009407d38a4735326c8b0a33bce"
dependencies = [
 "include_dir",
]

[[package]]
name = "lingua-tsonga-language-model"
version = "1.3.0"
source = "registry+https://github.com/rust-lang/crates.io-index"
checksum = "86e34d4bff2ed22b8b666b67a9a019c94fc01097764d7d7bc0a4f943abf88efd"
dependencies = [
 "include_dir",
]

[[package]]
name = "lingua-tswana-language-model"
version = "1.3.0"
source = "registry+https://github.com/rust-lang/crates.io-index"
checksum = "9aa7f52c30b53ed63ac9bf9ddefaf746c983e668f917f4133d4cda39a009b7e1"
dependencies = [
 "include_dir",
]

[[package]]
name = "lingua-turkish-language-model"
version = "1.3.0"
source = "registry+https://github.com/rust-lang/crates.io-index"
checksum = "2a2ab6b46c596ebd7f58e0db7a3d732c42a2fa48b77094a0737e920a5c47dca0"
dependencies = [
 "include_dir",
]

[[package]]
name = "lingua-ukrainian-language-model"
version = "1.3.0"
source = "registry+https://github.com/rust-lang/crates.io-index"
checksum = "b86175a68d53b3b1e3aaf2e2fa61d31e8f03df7e0fcb51d7e1dd62fce86cb393"
dependencies = [
 "include_dir",
]

[[package]]
name = "lingua-urdu-language-model"
version = "1.3.0"
source = "registry+https://github.com/rust-lang/crates.io-index"
checksum = "1d308fdae7c8caa05ffe455e8a2e568e5f018cb2742f588a810ecf306b890622"
dependencies = [
 "include_dir",
]

[[package]]
name = "lingua-vietnamese-language-model"
version = "1.3.0"
source = "registry+https://github.com/rust-lang/crates.io-index"
checksum = "45ef9a92dce65c6e9fea7f2343e51de8b5b9cd764fa8ae3592c4ba3edd992d4a"
dependencies = [
 "include_dir",
]

[[package]]
name = "lingua-welsh-language-model"
version = "1.3.0"
source = "registry+https://github.com/rust-lang/crates.io-index"
checksum = "1057abcd15da2c81baafe25cefa148b5b56d382d645af749084987e1a6d576e2"
dependencies = [
 "include_dir",
]

[[package]]
name = "lingua-xhosa-language-model"
version = "1.3.0"
source = "registry+https://github.com/rust-lang/crates.io-index"
checksum = "d165e4dfe98f8ed1a9f768e5fefe13d472ad1c5600e7ceab6a1a4a942be4c2ee"
dependencies = [
 "include_dir",
]

[[package]]
name = "lingua-yoruba-language-model"
version = "1.3.0"
source = "registry+https://github.com/rust-lang/crates.io-index"
checksum = "6da42216997d892ce8822eae591084555469e1d32e44fe6e181996fb200492d3"
dependencies = [
 "include_dir",
]

[[package]]
name = "lingua-zulu-language-model"
version = "1.3.0"
source = "registry+https://github.com/rust-lang/crates.io-index"
checksum = "e429650453aa15779df3560ce9150c1cdfa48bbb8975e95a925cf868b2a3dc0a"
dependencies = [
 "include_dir",
]

[[package]]
name = "lock_api"
version = "0.4.14"
source = "registry+https://github.com/rust-lang/crates.io-index"
checksum = "224399e74b87b5f3557511d98dff8b14089b3dadafcab6bb93eab67d3aace965"
dependencies = [
 "scopeguard",
]

[[package]]
name = "maplit"
version = "1.0.2"
source = "registry+https://github.com/rust-lang/crates.io-index"
checksum = "3e2e65a1a2e43cfcb47a895c4c8b10d1f4a61097f9f254f183aee60cad9c651d"

[[package]]
name = "memchr"
version = "2.8.0"
source = "registry+https://github.com/rust-lang/crates.io-index"
checksum = "f8ca58f447f06ed17d5fc4043ce1b10dd205e060fb3ce5b979b8ed8e59ff3f79"

[[package]]
name = "num-traits"
version = "0.2.19"
source = "registry+https://github.com/rust-lang/crates.io-index"
checksum = "071dfc062690e90b734c0b2273ce72ad0ffa95f0c74596bc250dcfd960262841"
dependencies = [
 "autocfg",
]

[[package]]
name = "once_cell"
version = "1.21.3"
source = "registry+https://github.com/rust-lang/crates.io-index"
checksum = "42f5e15c9953c5e4ccceeb2e7382a716482c34515315f7b03532b8b4e8393d2d"

[[package]]
name = "parking_lot_core"
version = "0.9.12"
source = "registry+https://github.com/rust-lang/crates.io-index"
checksum = "2621685985a2ebf1c516881c026032ac7deafcda1a2c9b7850dc81e3dfcb64c1"
dependencies = [
 "cfg-if",
 "libc",
 "redox_syscall",
 "smallvec",
 "windows-link",
]

[[package]]
name = "portable-atomic"
version = "1.13.1"
source = "registry+https://github.com/rust-lang/crates.io-index"
checksum = "c33a9471896f1c69cecef8d20cbe2f7accd12527ce60845ff44c153bb2a21b49"

[[package]]
name = "proc-macro2"
version = "1.0.106"
source = "registry+https://github.com/rust-lang/crates.io-index"
checksum = "8fd00f0bb2e90d81d1044c2b32617f68fcb9fa3bb7640c23e9c748e53fb30934"
dependencies = [
 "unicode-ident",
]

[[package]]
name = "pyo3"
version = "0.28.2"
source = "registry+https://github.com/rust-lang/crates.io-index"
checksum = "cf85e27e86080aafd5a22eae58a162e133a589551542b3e5cee4beb27e54f8e1"
dependencies = [
 "libc",
 "once_cell",
 "portable-atomic",
 "pyo3-build-config",
 "pyo3-ffi",
 "pyo3-macros",
]

[[package]]
name = "pyo3-build-config"
version = "0.28.2"
source = "registry+https://github.com/rust-lang/crates.io-index"
checksum = "8bf94ee265674bf76c09fa430b0e99c26e319c945d96ca0d5a8215f31bf81cf7"
dependencies = [
 "target-lexicon",
]

[[package]]
name = "pyo3-ffi"
version = "0.28.2"
source = "registry+https://github.com/rust-lang/crates.io-index"
checksum = "491aa5fc66d8059dd44a75f4580a2962c1862a1c2945359db36f6c2818b748dc"
dependencies = [
 "libc",
 "pyo3-build-config",
]

[[package]]
name = "pyo3-macros"
version = "0.28.2"
source = "registry+https://github.com/rust-lang/crates.io-index"
checksum = "f5d671734e9d7a43449f8480f8b38115df67bef8d21f76837fa75ee7aaa5e52e"
dependencies = [
 "proc-macro2",
 "pyo3-macros-backend",
 "quote",
 "syn",
]

[[package]]
name = "pyo3-macros-backend"
version = "0.28.2"
source = "registry+https://github.com/rust-lang/crates.io-index"
checksum = "22faaa1ce6c430a1f71658760497291065e6450d7b5dc2bcf254d49f66ee700a"
dependencies = [
 "heck",
 "proc-macro2",
 "pyo3-build-config",
 "quote",
 "syn",
]

[[package]]
name = "quote"
version = "1.0.45"
source = "registry+https://github.com/rust-lang/crates.io-index"
checksum = "41f2619966050689382d2b44f664f4bc593e129785a36d6ee376ddf37259b924"
dependencies = [
 "proc-macro2",
]

[[package]]
name = "rayon"
version = "1.11.0"
source = "registry+https://github.com/rust-lang/crates.io-index"
checksum = "368f01d005bf8fd9b1206fb6fa653e6c4a81ceb1466406b81792d87c5677a58f"
dependencies = [
 "either",
 "rayon-core",
]

[[package]]
name = "rayon-core"
version = "1.13.0"
source = "registry+https://github.com/rust-lang/crates.io-index"
checksum = "22e18b0f0062d30d4230b2e85ff77fdfe4326feb054b9783a3460d8435c8ab91"
dependencies = [
 "crossbeam-deque",
 "crossbeam-utils",
]

[[package]]
name = "redox_syscall"
version = "0.5.18"
source = "registry+https://github.com/rust-lang/crates.io-index"
checksum = "ed2bf2547551a7053d6fdfafda3f938979645c44812fbfcda098faae3f1a362d"
dependencies = [
 "bitflags",
]

[[package]]
name = "regex"
version = "1.12.3"
source = "registry+https://github.com/rust-lang/crates.io-index"
checksum = "e10754a14b9137dd7b1e3e5b0493cc9171fdd105e0ab477f51b72e7f3ac0e276"
dependencies = [
 "aho-corasick",
 "memchr",
 "regex-automata",
 "regex-syntax",
]

[[package]]
name = "regex-automata"
version = "0.4.14"
source = "registry+https://github.com/rust-lang/crates.io-index"
checksum = "6e1dd4122fc1595e8162618945476892eefca7b88c52820e74af6262213cae8f"
dependencies = [
 "aho-corasick",
 "memchr",
 "regex-syntax",
]

[[package]]
name = "regex-syntax"
version = "0.8.10"
source = "registry+https://github.com/rust-lang/crates.io-index"
checksum = "dc897dd8d9e8bd1ed8cdad82b5966c3e0ecae09fb1907d58efaa013543185d0a"

[[package]]
name = "rustversion"
version = "1.0.22"
source = "registry+https://github.com/rust-lang/crates.io-index"
checksum = "b39cdef0fa800fc44525c84ccb54a029961a8215f9619753635a9c0d2538d46d"

[[package]]
name = "scopeguard"
version = "1.2.0"
source = "registry+https://github.com/rust-lang/crates.io-index"
checksum = "94143f37725109f92c262ed2cf5e59bce7498c01bcc1502d7b9afe439a4e9f49"

[[package]]
name = "serde"
version = "1.0.228"
source = "registry+https://github.com/rust-lang/crates.io-index"
checksum = "9a8e94ea7f378bd32cbbd37198a4a91436180c5bb472411e48b5ec2e2124ae9e"
dependencies = [
 "serde_core",
 "serde_derive",
]

[[package]]
name = "serde-wasm-bindgen"
version = "0.6.5"
source = "registry+https://github.com/rust-lang/crates.io-index"
checksum = "8302e169f0eddcc139c70f139d19d6467353af16f9fce27e8c30158036a1e16b"
dependencies = [
 "js-sys",
 "serde",
 "wasm-bindgen",
]

[[package]]
name = "serde_core"
version = "1.0.228"
source = "registry+https://github.com/rust-lang/crates.io-index"
checksum = "41d385c7d4ca58e59fc732af25c3983b67ac852c1a25000afe1175de458b67ad"
dependencies = [
 "serde_derive",
]

[[package]]
name = "serde_derive"
version = "1.0.228"
source = "registry+https://github.com/rust-lang/crates.io-index"
checksum = "d540f220d3187173da220f885ab66608367b6574e925011a9353e4badda91d79"
dependencies = [
 "proc-macro2",
 "quote",
 "syn",
]

[[package]]
name = "smallvec"
version = "1.15.1"
source = "registry+https://github.com/rust-lang/crates.io-index"
checksum = "67b1b7a3b5fe4f1376887184045fcf45c69e92af734b7aaddc05fb777b6fbd03"

[[package]]
name = "strum"
version = "0.27.2"
source = "registry+https://github.com/rust-lang/crates.io-index"
checksum = "af23d6f6c1a224baef9d3f61e287d2761385a5b88fdab4eb4c6f11aeb54c4bcf"

[[package]]
name = "strum_macros"
version = "0.27.2"
source = "registry+https://github.com/rust-lang/crates.io-index"
checksum = "7695ce3845ea4b33927c055a39dc438a45b059f7c1b3d91d38d10355fb8cbca7"
dependencies = [
 "heck",
 "proc-macro2",
 "quote",
 "syn",
]

[[package]]
name = "syn"
version = "2.0.117"
source = "registry+https://github.com/rust-lang/crates.io-index"
checksum = "e665b8803e7b1d2a727f4023456bbbbe74da67099c585258af0ad9c5013b9b99"
dependencies = [
 "proc-macro2",
 "quote",
 "unicode-ident",
]

[[package]]
name = "target-lexicon"
version = "0.13.5"
source = "registry+https://github.com/rust-lang/crates.io-index"
checksum = "adb6935a6f5c20170eeceb1a3835a49e12e19d792f6dd344ccc76a985ca5a6ca"

[[package]]
name = "unicode-ident"
version = "1.0.24"
source = "registry+https://github.com/rust-lang/crates.io-index"
checksum = "e6e4313cd5fcd3dad5cafa179702e2b244f760991f45397d14d4ebf38247da75"

[[package]]
name = "wasi"
version = "0.11.1+wasi-snapshot-preview1"
source = "registry+https://github.com/rust-lang/crates.io-index"
checksum = "ccf3ec651a847eb01de73ccad15eb7d99f80485de043efb2f370cd654f4ea44b"

[[package]]
name = "wasm-bindgen"
version = "0.2.114"
source = "registry+https://github.com/rust-lang/crates.io-index"
checksum = "6532f9a5c1ece3798cb1c2cfdba640b9b3ba884f5db45973a6f442510a87d38e"
dependencies = [
 "cfg-if",
 "once_cell",
 "rustversion",
 "wasm-bindgen-macro",
 "wasm-bindgen-shared",
]

[[package]]
name = "wasm-bindgen-macro"
version = "0.2.114"
source = "registry+https://github.com/rust-lang/crates.io-index"
checksum = "18a2d50fcf105fb33bb15f00e7a77b772945a2ee45dcf454961fd843e74c18e6"
dependencies = [
 "quote",
 "wasm-bindgen-macro-support",
]

[[package]]
name = "wasm-bindgen-macro-support"
version = "0.2.114"
source = "registry+https://github.com/rust-lang/crates.io-index"
checksum = "03ce4caeaac547cdf713d280eda22a730824dd11e6b8c3ca9e42247b25c631e3"
dependencies = [
 "bumpalo",
 "proc-macro2",
 "quote",
 "syn",
 "wasm-bindgen-shared",
]

[[package]]
name = "wasm-bindgen-shared"
version = "0.2.114"
source = "registry+https://github.com/rust-lang/crates.io-index"
checksum = "75a326b8c223ee17883a4251907455a2431acc2791c98c26279376490c378c16"
dependencies = [
 "unicode-ident",
]

[[package]]
name = "windows-link"
version = "0.2.1"
source = "registry+https://github.com/rust-lang/crates.io-index"
checksum = "f0805222e57f7521d6a62e36fa9163bc891acd422f971defe97d64e70d0a4fe5"
